
Microsoft Visual Studio Solution File, Format Version 12.00
# Visual Studio Version 17
VisualStudioVersion = 17.0.31903.59
MinimumVisualStudioVersion = 10.0.40219.1
Project("{FAE04EC0-301F-11D3-BF4B-00C04F79EFBC}") = "Otoshidama", "Otoshidama\Otoshidama.csproj", "{6AD6BED2-19E8-43B3-BB2F-4D8F49F58E51}"
EndProject
Global
	GlobalSection(SolutionConfigurationPlatforms) = preSolution
		Debug|Any CPU = Debug|Any CPU
		Release|Any CPU = Release|Any CPU
	EndGlobalSection
	GlobalSection(ProjectConfigurationPlatforms) = postSolution
		{6AD6BED2-19E8-43B3-BB2F-4D8F49F58E51}.Debug|Any CPU.ActiveCfg = Debug|Any CPU
		{6AD6BED2-19E8-43B3-BB2F-4D8F49F58E51}.Debug|Any CPU.Build.0 = Debug|Any CPU
		{6AD6BED2-19E8-43B3-BB2F-4D8F49F58E51}.Release|Any CPU.ActiveCfg = Release|Any CPU
		{6AD6BED2-19E8-43B3-BB2F-4D8F49F58E51}.Release|Any CPU.Build.0 = Release|Any CPU
	EndGlobalSection
	GlobalSection(SolutionProperties) = preSolution
		HideSolutionNode = FALSE
	EndGlobalSection
	GlobalSection(ExtensibilityGlobals) = postSolution
		SolutionGuid = {F2A2BC78-47CA-4B62-916E-D890B2B4A0FB}
	EndGlobalSection
EndGlobal
