
Microsoft Visual Studio Solution File, Format Version 12.00
# Visual Studio Version 17
VisualStudioVersion = 17.0.31903.59
MinimumVisualStudioVersion = 10.0.40219.1
Project("{FAE04EC0-301F-11D3-BF4B-00C04F79EFBC}") = "PlacingMarbles", "PlacingMarbles\PlacingMarbles.csproj", "{F3CEB881-96B7-4DA2-BB94-497081D276A8}"
EndProject
Global
	GlobalSection(SolutionConfigurationPlatforms) = preSolution
		Debug|Any CPU = Debug|Any CPU
		Release|Any CPU = Release|Any CPU
	EndGlobalSection
	GlobalSection(ProjectConfigurationPlatforms) = postSolution
		{F3CEB881-96B7-4DA2-BB94-497081D276A8}.Debug|Any CPU.ActiveCfg = Debug|Any CPU
		{F3CEB881-96B7-4DA2-BB94-497081D276A8}.Debug|Any CPU.Build.0 = Debug|Any CPU
		{F3CEB881-96B7-4DA2-BB94-497081D276A8}.Release|Any CPU.ActiveCfg = Release|Any CPU
		{F3CEB881-96B7-4DA2-BB94-497081D276A8}.Release|Any CPU.Build.0 = Release|Any CPU
	EndGlobalSection
	GlobalSection(SolutionProperties) = preSolution
		HideSolutionNode = FALSE
	EndGlobalSection
	GlobalSection(ExtensibilityGlobals) = postSolution
		SolutionGuid = {ABCBB1C9-7222-4774-9D9E-08F22566418B}
	EndGlobalSection
EndGlobal
