
Microsoft Visual Studio Solution File, Format Version 12.00
# Visual Studio Version 17
VisualStudioVersion = 17.0.31903.59
MinimumVisualStudioVersion = 10.0.40219.1
Project("{FAE04EC0-301F-11D3-BF4B-00C04F79EFBC}") = "Traveling", "Traveling\Traveling.csproj", "{373A4317-93BB-41C5-9972-B38C7CF233C9}"
EndProject
Global
	GlobalSection(SolutionConfigurationPlatforms) = preSolution
		Debug|Any CPU = Debug|Any CPU
		Release|Any CPU = Release|Any CPU
	EndGlobalSection
	GlobalSection(ProjectConfigurationPlatforms) = postSolution
		{373A4317-93BB-41C5-9972-B38C7CF233C9}.Debug|Any CPU.ActiveCfg = Debug|Any CPU
		{373A4317-93BB-41C5-9972-B38C7CF233C9}.Debug|Any CPU.Build.0 = Debug|Any CPU
		{373A4317-93BB-41C5-9972-B38C7CF233C9}.Release|Any CPU.ActiveCfg = Release|Any CPU
		{373A4317-93BB-41C5-9972-B38C7CF233C9}.Release|Any CPU.Build.0 = Release|Any CPU
	EndGlobalSection
	GlobalSection(SolutionProperties) = preSolution
		HideSolutionNode = FALSE
	EndGlobalSection
	GlobalSection(ExtensibilityGlobals) = postSolution
		SolutionGuid = {7D7D331B-739C-4C5F-A0C2-AB323CE13D44}
	EndGlobalSection
EndGlobal
